
Microsoft Visual Studio Solution File, Format Version 12.00
# Visual Studio Version 17
VisualStudioVersion = 17.11.35219.272
MinimumVisualStudioVersion = 10.0.40219.1
Project("{FAE04EC0-301F-11D3-BF4B-00C04F79EFBC}") = "API", "API\API.csproj", "{0541915D-D789-4C3F-BB2A-A93C871DEFD7}"
EndProject
Global
	GlobalSection(SolutionConfigurationPlatforms) = preSolution
		Debug|Any CPU = Debug|Any CPU
		Release|Any CPU = Release|Any CPU
	EndGlobalSection
	GlobalSection(ProjectConfigurationPlatforms) = postSolution
		{0541915D-D789-4C3F-BB2A-A93C871DEFD7}.Debug|Any CPU.ActiveCfg = Debug|Any CPU
		{0541915D-D789-4C3F-BB2A-A93C871DEFD7}.Debug|Any CPU.Build.0 = Debug|Any CPU
		{0541915D-D789-4C3F-BB2A-A93C871DEFD7}.Release|Any CPU.ActiveCfg = Release|Any CPU
		{0541915D-D789-4C3F-BB2A-A93C871DEFD7}.Release|Any CPU.Build.0 = Release|Any CPU
	EndGlobalSection
	GlobalSection(SolutionProperties) = preSolution
		HideSolutionNode = FALSE
	EndGlobalSection
	GlobalSection(ExtensibilityGlobals) = postSolution
		SolutionGuid = {7A1D887F-3D5C-42CF-A2E7-30CC6926B26E}
	EndGlobalSection
EndGlobal
